
Microsoft Visual Studio Solution File, Format Version 12.00
# Visual Studio Version 17
VisualStudioVersion = 17.11.35312.102
MinimumVisualStudioVersion = 10.0.40219.1
Project("{9A19103F-16F7-4668-BE54-9A1E7A4F7556}") = "Comp.API", "Comp.API.csproj", "{6A72BA18-9B25-4DA4-89F4-5930E30394E9}"
EndProject
Project("{9A19103F-16F7-4668-BE54-9A1E7A4F7556}") = "Comp.Core", "..\Comp.Core\Comp.Core.csproj", "{982F3D94-206C-43CC-887B-9E353E45BE43}"
EndProject
Project("{9A19103F-16F7-4668-BE54-9A1E7A4F7556}") = "Comp.Data", "..\Comp.Data\Comp.Data.csproj", "{ABE09822-616C-4B17-9543-9F1EB3E7162F}"
EndProject
Project("{9A19103F-16F7-4668-BE54-9A1E7A4F7556}") = "Comp.Service", "..\COmp.Service\Comp.Service.csproj", "{59D395F3-5199-4896-AAA2-62439F61ADC4}"
EndProject
Project("{FAE04EC0-301F-11D3-BF4B-00C04F79EFBC}") = "Share", "..\Share\Share.csproj", "{6CEA4F3A-B971-4999-9FDF-FBB58690C49C}"
EndProject
Global
	GlobalSection(SolutionConfigurationPlatforms) = preSolution
		Debug|Any CPU = Debug|Any CPU
		Release|Any CPU = Release|Any CPU
	EndGlobalSection
	GlobalSection(ProjectConfigurationPlatforms) = postSolution
		{6A72BA18-9B25-4DA4-89F4-5930E30394E9}.Debug|Any CPU.ActiveCfg = Debug|Any CPU
		{6A72BA18-9B25-4DA4-89F4-5930E30394E9}.Debug|Any CPU.Build.0 = Debug|Any CPU
		{6A72BA18-9B25-4DA4-89F4-5930E30394E9}.Release|Any CPU.ActiveCfg = Release|Any CPU
		{6A72BA18-9B25-4DA4-89F4-5930E30394E9}.Release|Any CPU.Build.0 = Release|Any CPU
		{982F3D94-206C-43CC-887B-9E353E45BE43}.Debug|Any CPU.ActiveCfg = Debug|Any CPU
		{982F3D94-206C-43CC-887B-9E353E45BE43}.Debug|Any CPU.Build.0 = Debug|Any CPU
		{982F3D94-206C-43CC-887B-9E353E45BE43}.Release|Any CPU.ActiveCfg = Release|Any CPU
		{982F3D94-206C-43CC-887B-9E353E45BE43}.Release|Any CPU.Build.0 = Release|Any CPU
		{ABE09822-616C-4B17-9543-9F1EB3E7162F}.Debug|Any CPU.ActiveCfg = Debug|Any CPU
		{ABE09822-616C-4B17-9543-9F1EB3E7162F}.Debug|Any CPU.Build.0 = Debug|Any CPU
		{ABE09822-616C-4B17-9543-9F1EB3E7162F}.Release|Any CPU.ActiveCfg = Release|Any CPU
		{ABE09822-616C-4B17-9543-9F1EB3E7162F}.Release|Any CPU.Build.0 = Release|Any CPU
		{59D395F3-5199-4896-AAA2-62439F61ADC4}.Debug|Any CPU.ActiveCfg = Debug|Any CPU
		{59D395F3-5199-4896-AAA2-62439F61ADC4}.Debug|Any CPU.Build.0 = Debug|Any CPU
		{59D395F3-5199-4896-AAA2-62439F61ADC4}.Release|Any CPU.ActiveCfg = Release|Any CPU
		{59D395F3-5199-4896-AAA2-62439F61ADC4}.Release|Any CPU.Build.0 = Release|Any CPU
		{6CEA4F3A-B971-4999-9FDF-FBB58690C49C}.Debug|Any CPU.ActiveCfg = Debug|Any CPU
		{6CEA4F3A-B971-4999-9FDF-FBB58690C49C}.Debug|Any CPU.Build.0 = Debug|Any CPU
		{6CEA4F3A-B971-4999-9FDF-FBB58690C49C}.Release|Any CPU.ActiveCfg = Release|Any CPU
		{6CEA4F3A-B971-4999-9FDF-FBB58690C49C}.Release|Any CPU.Build.0 = Release|Any CPU
	EndGlobalSection
	GlobalSection(SolutionProperties) = preSolution
		HideSolutionNode = FALSE
	EndGlobalSection
	GlobalSection(ExtensibilityGlobals) = postSolution
		SolutionGuid = {4D2ECBB8-3106-4087-B094-0D2A5A4C256A}
	EndGlobalSection
EndGlobal
